
Microsoft Visual Studio Solution File, Format Version 12.00
# Visual Studio Version 17
VisualStudioVersion = 17.9.34622.214
MinimumVisualStudioVersion = 10.0.40219.1
Project("{FAE04EC0-301F-11D3-BF4B-00C04F79EFBC}") = "InsuranceAPI.Web", "InsuranceAPI.Web\InsuranceAPI.Web.csproj", "{39E16551-6F35-4D6C-9873-FB971BC42EA2}"
EndProject
Project("{FAE04EC0-301F-11D3-BF4B-00C04F79EFBC}") = "InsuranceAPI.Domain", "InsuranceAPI.Domain\InsuranceAPI.Domain.csproj", "{B6612336-D914-4A0A-8D98-B6048B50A33A}"
EndProject
Project("{FAE04EC0-301F-11D3-BF4B-00C04F79EFBC}") = "InsuranceAPI.Application", "InsuranceAPI.Application\InsuranceAPI.Application.csproj", "{EA2266AC-8E59-4464-BEC0-5D196838646B}"
EndProject
Project("{FAE04EC0-301F-11D3-BF4B-00C04F79EFBC}") = "InsuranceAPI.Infrastructure", "InsuranceAPI.Infrastructure\InsuranceAPI.Infrastructure.csproj", "{8547FCBD-B5BB-4FF7-9064-A839EC5B88A3}"
EndProject
Global
	GlobalSection(SolutionProperties) = preSolution
		HideSolutionNode = FALSE
	EndGlobalSection
	GlobalSection(ExtensibilityGlobals) = postSolution
		SolutionGuid = {BF9A4E28-AF3D-4821-9A94-0A2017024899}
	EndGlobalSection
	GlobalSection(SolutionConfigurationPlatforms) = preSolution
		Debug|Any CPU = Debug|Any CPU
		Debug|x64 = Debug|x64
		Debug|x86 = Debug|x86
		Release|Any CPU = Release|Any CPU
		Release|x64 = Release|x64
		Release|x86 = Release|x86
	EndGlobalSection
	GlobalSection(ProjectConfigurationPlatforms) = postSolution
		{39E16551-6F35-4D6C-9873-FB971BC42EA2}.Debug|Any CPU.ActiveCfg = Debug|Any CPU
		{39E16551-6F35-4D6C-9873-FB971BC42EA2}.Debug|Any CPU.Build.0 = Debug|Any CPU
		{39E16551-6F35-4D6C-9873-FB971BC42EA2}.Debug|x64.ActiveCfg = Debug|Any CPU
		{39E16551-6F35-4D6C-9873-FB971BC42EA2}.Debug|x64.Build.0 = Debug|Any CPU
		{39E16551-6F35-4D6C-9873-FB971BC42EA2}.Debug|x86.ActiveCfg = Debug|Any CPU
		{39E16551-6F35-4D6C-9873-FB971BC42EA2}.Debug|x86.Build.0 = Debug|Any CPU
		{39E16551-6F35-4D6C-9873-FB971BC42EA2}.Release|Any CPU.ActiveCfg = Release|Any CPU
		{39E16551-6F35-4D6C-9873-FB971BC42EA2}.Release|Any CPU.Build.0 = Release|Any CPU
		{39E16551-6F35-4D6C-9873-FB971BC42EA2}.Release|x64.ActiveCfg = Release|Any CPU
		{39E16551-6F35-4D6C-9873-FB971BC42EA2}.Release|x64.Build.0 = Release|Any CPU
		{39E16551-6F35-4D6C-9873-FB971BC42EA2}.Release|x86.ActiveCfg = Release|Any CPU
		{39E16551-6F35-4D6C-9873-FB971BC42EA2}.Release|x86.Build.0 = Release|Any CPU
		{B6612336-D914-4A0A-8D98-B6048B50A33A}.Debug|Any CPU.ActiveCfg = Debug|Any CPU
		{B6612336-D914-4A0A-8D98-B6048B50A33A}.Debug|Any CPU.Build.0 = Debug|Any CPU
		{B6612336-D914-4A0A-8D98-B6048B50A33A}.Debug|x64.ActiveCfg = Debug|Any CPU
		{B6612336-D914-4A0A-8D98-B6048B50A33A}.Debug|x64.Build.0 = Debug|Any CPU
		{B6612336-D914-4A0A-8D98-B6048B50A33A}.Debug|x86.ActiveCfg = Debug|Any CPU
		{B6612336-D914-4A0A-8D98-B6048B50A33A}.Debug|x86.Build.0 = Debug|Any CPU
		{B6612336-D914-4A0A-8D98-B6048B50A33A}.Release|Any CPU.ActiveCfg = Release|Any CPU
		{B6612336-D914-4A0A-8D98-B6048B50A33A}.Release|Any CPU.Build.0 = Release|Any CPU
		{B6612336-D914-4A0A-8D98-B6048B50A33A}.Release|x64.ActiveCfg = Release|Any CPU
		{B6612336-D914-4A0A-8D98-B6048B50A33A}.Release|x64.Build.0 = Release|Any CPU
		{B6612336-D914-4A0A-8D98-B6048B50A33A}.Release|x86.ActiveCfg = Release|Any CPU
		{B6612336-D914-4A0A-8D98-B6048B50A33A}.Release|x86.Build.0 = Release|Any CPU
		{EA2266AC-8E59-4464-BEC0-5D196838646B}.Debug|Any CPU.ActiveCfg = Debug|Any CPU
		{EA2266AC-8E59-4464-BEC0-5D196838646B}.Debug|Any CPU.Build.0 = Debug|Any CPU
		{EA2266AC-8E59-4464-BEC0-5D196838646B}.Debug|x64.ActiveCfg = Debug|Any CPU
		{EA2266AC-8E59-4464-BEC0-5D196838646B}.Debug|x64.Build.0 = Debug|Any CPU
		{EA2266AC-8E59-4464-BEC0-5D196838646B}.Debug|x86.ActiveCfg = Debug|Any CPU
		{EA2266AC-8E59-4464-BEC0-5D196838646B}.Debug|x86.Build.0 = Debug|Any CPU
		{EA2266AC-8E59-4464-BEC0-5D196838646B}.Release|Any CPU.ActiveCfg = Release|Any CPU
		{EA2266AC-8E59-4464-BEC0-5D196838646B}.Release|Any CPU.Build.0 = Release|Any CPU
		{EA2266AC-8E59-4464-BEC0-5D196838646B}.Release|x64.ActiveCfg = Release|Any CPU
		{EA2266AC-8E59-4464-BEC0-5D196838646B}.Release|x64.Build.0 = Release|Any CPU
		{EA2266AC-8E59-4464-BEC0-5D196838646B}.Release|x86.ActiveCfg = Release|Any CPU
		{EA2266AC-8E59-4464-BEC0-5D196838646B}.Release|x86.Build.0 = Release|Any CPU
		{8547FCBD-B5BB-4FF7-9064-A839EC5B88A3}.Debug|Any CPU.ActiveCfg = Debug|Any CPU
		{8547FCBD-B5BB-4FF7-9064-A839EC5B88A3}.Debug|Any CPU.Build.0 = Debug|Any CPU
		{8547FCBD-B5BB-4FF7-9064-A839EC5B88A3}.Debug|x64.ActiveCfg = Debug|Any CPU
		{8547FCBD-B5BB-4FF7-9064-A839EC5B88A3}.Debug|x64.Build.0 = Debug|Any CPU
		{8547FCBD-B5BB-4FF7-9064-A839EC5B88A3}.Debug|x86.ActiveCfg = Debug|Any CPU
		{8547FCBD-B5BB-4FF7-9064-A839EC5B88A3}.Debug|x86.Build.0 = Debug|Any CPU
		{8547FCBD-B5BB-4FF7-9064-A839EC5B88A3}.Release|Any CPU.ActiveCfg = Release|Any CPU
		{8547FCBD-B5BB-4FF7-9064-A839EC5B88A3}.Release|Any CPU.Build.0 = Release|Any CPU
		{8547FCBD-B5BB-4FF7-9064-A839EC5B88A3}.Release|x64.ActiveCfg = Release|Any CPU
		{8547FCBD-B5BB-4FF7-9064-A839EC5B88A3}.Release|x64.Build.0 = Release|Any CPU
		{8547FCBD-B5BB-4FF7-9064-A839EC5B88A3}.Release|x86.ActiveCfg = Release|Any CPU
		{8547FCBD-B5BB-4FF7-9064-A839EC5B88A3}.Release|x86.Build.0 = Release|Any CPU
	EndGlobalSection
EndGlobal
